
Microsoft Visual Studio Solution File, Format Version 12.00
# Visual Studio Version 17
VisualStudioVersion = 17.2.32602.215
MinimumVisualStudioVersion = 10.0.40219.1
Project("{888888A0-9F3D-457C-B088-3A5042F75D52}") = "PyClass", "PyClass.pyproj", "{31F56971-33E6-4C3B-B023-0CAA49AA2608}"
EndProject
Global
	GlobalSection(SolutionConfigurationPlatforms) = preSolution
		Debug|Any CPU = Debug|Any CPU
		Release|Any CPU = Release|Any CPU
	EndGlobalSection
	GlobalSection(ProjectConfigurationPlatforms) = postSolution
		{31F56971-33E6-4C3B-B023-0CAA49AA2608}.Debug|Any CPU.ActiveCfg = Debug|Any CPU
		{31F56971-33E6-4C3B-B023-0CAA49AA2608}.Debug|Any CPU.Build.0 = Debug|Any CPU
		{31F56971-33E6-4C3B-B023-0CAA49AA2608}.Release|Any CPU.ActiveCfg = Release|Any CPU
		{31F56971-33E6-4C3B-B023-0CAA49AA2608}.Release|Any CPU.Build.0 = Release|Any CPU
	EndGlobalSection
	GlobalSection(SolutionProperties) = preSolution
		HideSolutionNode = FALSE
	EndGlobalSection
	GlobalSection(ExtensibilityGlobals) = postSolution
		SolutionGuid = {00EF968C-8C2C-49C5-B1D0-DCB3C2FC7FE9}
	EndGlobalSection
EndGlobal
